
Microsoft Visual Studio Solution File, Format Version 12.00
# Visual Studio 15
VisualStudioVersion = 15.0.28307.852
MinimumVisualStudioVersion = 10.0.40219.1
Project("{FAE04EC0-301F-11D3-BF4B-00C04F79EFBC}") = "PracticaSQLite.Android", "PracticaSQLite\PracticaSQLite.Android\PracticaSQLite.Android.csproj", "{DD2A287B-35A9-47D9-818E-247320EC3BFC}"
EndProject
Project("{FAE04EC0-301F-11D3-BF4B-00C04F79EFBC}") = "PracticaSQLite.iOS", "PracticaSQLite\PracticaSQLite.iOS\PracticaSQLite.iOS.csproj", "{2B70FA27-DF42-4255-A663-0C8520C73878}"
EndProject
Project("{FAE04EC0-301F-11D3-BF4B-00C04F79EFBC}") = "PracticaSQLite", "PracticaSQLite\PracticaSQLite\PracticaSQLite.csproj", "{772A05D8-5E33-404C-ACDE-E7A87A5FD15B}"
EndProject
Global
	GlobalSection(SolutionConfigurationPlatforms) = preSolution
		Ad-Hoc|Any CPU = Ad-Hoc|Any CPU
		Ad-Hoc|ARM = Ad-Hoc|ARM
		Ad-Hoc|iPhone = Ad-Hoc|iPhone
		Ad-Hoc|iPhoneSimulator = Ad-Hoc|iPhoneSimulator
		Ad-Hoc|x64 = Ad-Hoc|x64
		Ad-Hoc|x86 = Ad-Hoc|x86
		AppStore|Any CPU = AppStore|Any CPU
		AppStore|ARM = AppStore|ARM
		AppStore|iPhone = AppStore|iPhone
		AppStore|iPhoneSimulator = AppStore|iPhoneSimulator
		AppStore|x64 = AppStore|x64
		AppStore|x86 = AppStore|x86
		Debug|Any CPU = Debug|Any CPU
		Debug|ARM = Debug|ARM
		Debug|iPhone = Debug|iPhone
		Debug|iPhoneSimulator = Debug|iPhoneSimulator
		Debug|x64 = Debug|x64
		Debug|x86 = Debug|x86
		Release|Any CPU = Release|Any CPU
		Release|ARM = Release|ARM
		Release|iPhone = Release|iPhone
		Release|iPhoneSimulator = Release|iPhoneSimulator
		Release|x64 = Release|x64
		Release|x86 = Release|x86
	EndGlobalSection
	GlobalSection(ProjectConfigurationPlatforms) = postSolution
		{DD2A287B-35A9-47D9-818E-247320EC3BFC}.Ad-Hoc|Any CPU.ActiveCfg = Release|Any CPU
		{DD2A287B-35A9-47D9-818E-247320EC3BFC}.Ad-Hoc|Any CPU.Build.0 = Release|Any CPU
		{DD2A287B-35A9-47D9-818E-247320EC3BFC}.Ad-Hoc|Any CPU.Deploy.0 = Release|Any CPU
		{DD2A287B-35A9-47D9-818E-247320EC3BFC}.Ad-Hoc|ARM.ActiveCfg = Release|Any CPU
		{DD2A287B-35A9-47D9-818E-247320EC3BFC}.Ad-Hoc|ARM.Build.0 = Release|Any CPU
		{DD2A287B-35A9-47D9-818E-247320EC3BFC}.Ad-Hoc|ARM.Deploy.0 = Release|Any CPU
		{DD2A287B-35A9-47D9-818E-247320EC3BFC}.Ad-Hoc|iPhone.ActiveCfg = Release|Any CPU
		{DD2A287B-35A9-47D9-818E-247320EC3BFC}.Ad-Hoc|iPhone.Build.0 = Release|Any CPU
		{DD2A287B-35A9-47D9-818E-247320EC3BFC}.Ad-Hoc|iPhone.Deploy.0 = Release|Any CPU
		{DD2A287B-35A9-47D9-818E-247320EC3BFC}.Ad-Hoc|iPhoneSimulator.ActiveCfg = Release|Any CPU
		{DD2A287B-35A9-47D9-818E-247320EC3BFC}.Ad-Hoc|iPhoneSimulator.Build.0 = Release|Any CPU
		{DD2A287B-35A9-47D9-818E-247320EC3BFC}.Ad-Hoc|iPhoneSimulator.Deploy.0 = Release|Any CPU
		{DD2A287B-35A9-47D9-818E-247320EC3BFC}.Ad-Hoc|x64.ActiveCfg = Release|Any CPU
		{DD2A287B-35A9-47D9-818E-247320EC3BFC}.Ad-Hoc|x64.Build.0 = Release|Any CPU
		{DD2A287B-35A9-47D9-818E-247320EC3BFC}.Ad-Hoc|x64.Deploy.0 = Release|Any CPU
		{DD2A287B-35A9-47D9-818E-247320EC3BFC}.Ad-Hoc|x86.ActiveCfg = Release|Any CPU
		{DD2A287B-35A9-47D9-818E-247320EC3BFC}.Ad-Hoc|x86.Build.0 = Release|Any CPU
		{DD2A287B-35A9-47D9-818E-247320EC3BFC}.Ad-Hoc|x86.Deploy.0 = Release|Any CPU
		{DD2A287B-35A9-47D9-818E-247320EC3BFC}.AppStore|Any CPU.ActiveCfg = Release|Any CPU
		{DD2A287B-35A9-47D9-818E-247320EC3BFC}.AppStore|Any CPU.Build.0 = Release|Any CPU
		{DD2A287B-35A9-47D9-818E-247320EC3BFC}.AppStore|Any CPU.Deploy.0 = Release|Any CPU
		{DD2A287B-35A9-47D9-818E-247320EC3BFC}.AppStore|ARM.ActiveCfg = Release|Any CPU
		{DD2A287B-35A9-47D9-818E-247320EC3BFC}.AppStore|ARM.Build.0 = Release|Any CPU
		{DD2A287B-35A9-47D9-818E-247320EC3BFC}.AppStore|ARM.Deploy.0 = Release|Any CPU
		{DD2A287B-35A9-47D9-818E-247320EC3BFC}.AppStore|iPhone.ActiveCfg = Release|Any CPU
		{DD2A287B-35A9-47D9-818E-247320EC3BFC}.AppStore|iPhone.Build.0 = Release|Any CPU
		{DD2A287B-35A9-47D9-818E-247320EC3BFC}.AppStore|iPhone.Deploy.0 = Release|Any CPU
		{DD2A287B-35A9-47D9-818E-247320EC3BFC}.AppStore|iPhoneSimulator.ActiveCfg = Release|Any CPU
		{DD2A287B-35A9-47D9-818E-247320EC3BFC}.AppStore|iPhoneSimulator.Build.0 = Release|Any CPU
		{DD2A287B-35A9-47D9-818E-247320EC3BFC}.AppStore|iPhoneSimulator.Deploy.0 = Release|Any CPU
		{DD2A287B-35A9-47D9-818E-247320EC3BFC}.AppStore|x64.ActiveCfg = Release|Any CPU
		{DD2A287B-35A9-47D9-818E-247320EC3BFC}.AppStore|x64.Build.0 = Release|Any CPU
		{DD2A287B-35A9-47D9-818E-247320EC3BFC}.AppStore|x64.Deploy.0 = Release|Any CPU
		{DD2A287B-35A9-47D9-818E-247320EC3BFC}.AppStore|x86.ActiveCfg = Release|Any CPU
		{DD2A287B-35A9-47D9-818E-247320EC3BFC}.AppStore|x86.Build.0 = Release|Any CPU
		{DD2A287B-35A9-47D9-818E-247320EC3BFC}.AppStore|x86.Deploy.0 = Release|Any CPU
		{DD2A287B-35A9-47D9-818E-247320EC3BFC}.Debug|Any CPU.ActiveCfg = Debug|Any CPU
		{DD2A287B-35A9-47D9-818E-247320EC3BFC}.Debug|Any CPU.Build.0 = Debug|Any CPU
		{DD2A287B-35A9-47D9-818E-247320EC3BFC}.Debug|Any CPU.Deploy.0 = Debug|Any CPU
		{DD2A287B-35A9-47D9-818E-247320EC3BFC}.Debug|ARM.ActiveCfg = Debug|Any CPU
		{DD2A287B-35A9-47D9-818E-247320EC3BFC}.Debug|ARM.Build.0 = Debug|Any CPU
		{DD2A287B-35A9-47D9-818E-247320EC3BFC}.Debug|ARM.Deploy.0 = Debug|Any CPU
		{DD2A287B-35A9-47D9-818E-247320EC3BFC}.Debug|iPhone.ActiveCfg = Debug|Any CPU
		{DD2A287B-35A9-47D9-818E-247320EC3BFC}.Debug|iPhone.Build.0 = Debug|Any CPU
		{DD2A287B-35A9-47D9-818E-247320EC3BFC}.Debug|iPhone.Deploy.0 = Debug|Any CPU
		{DD2A287B-35A9-47D9-818E-247320EC3BFC}.Debug|iPhoneSimulator.ActiveCfg = Debug|Any CPU
		{DD2A287B-35A9-47D9-818E-247320EC3BFC}.Debug|iPhoneSimulator.Build.0 = Debug|Any CPU
		{DD2A287B-35A9-47D9-818E-247320EC3BFC}.Debug|iPhoneSimulator.Deploy.0 = Debug|Any CPU
		{DD2A287B-35A9-47D9-818E-247320EC3BFC}.Debug|x64.ActiveCfg = Debug|Any CPU
		{DD2A287B-35A9-47D9-818E-247320EC3BFC}.Debug|x64.Build.0 = Debug|Any CPU
		{DD2A287B-35A9-47D9-818E-247320EC3BFC}.Debug|x64.Deploy.0 = Debug|Any CPU
		{DD2A287B-35A9-47D9-818E-247320EC3BFC}.Debug|x86.ActiveCfg = Debug|Any CPU
		{DD2A287B-35A9-47D9-818E-247320EC3BFC}.Debug|x86.Build.0 = Debug|Any CPU
		{DD2A287B-35A9-47D9-818E-247320EC3BFC}.Debug|x86.Deploy.0 = Debug|Any CPU
		{DD2A287B-35A9-47D9-818E-247320EC3BFC}.Release|Any CPU.ActiveCfg = Release|Any CPU
		{DD2A287B-35A9-47D9-818E-247320EC3BFC}.Release|Any CPU.Build.0 = Release|Any CPU
		{DD2A287B-35A9-47D9-818E-247320EC3BFC}.Release|Any CPU.Deploy.0 = Release|Any CPU
		{DD2A287B-35A9-47D9-818E-247320EC3BFC}.Release|ARM.ActiveCfg = Release|Any CPU
		{DD2A287B-35A9-47D9-818E-247320EC3BFC}.Release|ARM.Build.0 = Release|Any CPU
		{DD2A287B-35A9-47D9-818E-247320EC3BFC}.Release|ARM.Deploy.0 = Release|Any CPU
		{DD2A287B-35A9-47D9-818E-247320EC3BFC}.Release|iPhone.ActiveCfg = Release|Any CPU
		{DD2A287B-35A9-47D9-818E-247320EC3BFC}.Release|iPhone.Build.0 = Release|Any CPU
		{DD2A287B-35A9-47D9-818E-247320EC3BFC}.Release|iPhone.Deploy.0 = Release|Any CPU
		{DD2A287B-35A9-47D9-818E-247320EC3BFC}.Release|iPhoneSimulator.ActiveCfg = Release|Any CPU
		{DD2A287B-35A9-47D9-818E-247320EC3BFC}.Release|iPhoneSimulator.Build.0 = Release|Any CPU
		{DD2A287B-35A9-47D9-818E-247320EC3BFC}.Release|iPhoneSimulator.Deploy.0 = Release|Any CPU
		{DD2A287B-35A9-47D9-818E-247320EC3BFC}.Release|x64.ActiveCfg = Release|Any CPU
		{DD2A287B-35A9-47D9-818E-247320EC3BFC}.Release|x64.Build.0 = Release|Any CPU
		{DD2A287B-35A9-47D9-818E-247320EC3BFC}.Release|x64.Deploy.0 = Release|Any CPU
		{DD2A287B-35A9-47D9-818E-247320EC3BFC}.Release|x86.ActiveCfg = Release|Any CPU
		{DD2A287B-35A9-47D9-818E-247320EC3BFC}.Release|x86.Build.0 = Release|Any CPU
		{DD2A287B-35A9-47D9-818E-247320EC3BFC}.Release|x86.Deploy.0 = Release|Any CPU
		{2B70FA27-DF42-4255-A663-0C8520C73878}.Ad-Hoc|Any CPU.ActiveCfg = Ad-Hoc|iPhone
		{2B70FA27-DF42-4255-A663-0C8520C73878}.Ad-Hoc|Any CPU.Build.0 = Ad-Hoc|iPhone
		{2B70FA27-DF42-4255-A663-0C8520C73878}.Ad-Hoc|Any CPU.Deploy.0 = Ad-Hoc|iPhone
		{2B70FA27-DF42-4255-A663-0C8520C73878}.Ad-Hoc|ARM.ActiveCfg = Ad-Hoc|iPhone
		{2B70FA27-DF42-4255-A663-0C8520C73878}.Ad-Hoc|ARM.Build.0 = Ad-Hoc|iPhone
		{2B70FA27-DF42-4255-A663-0C8520C73878}.Ad-Hoc|ARM.Deploy.0 = Ad-Hoc|iPhone
		{2B70FA27-DF42-4255-A663-0C8520C73878}.Ad-Hoc|iPhone.ActiveCfg = Ad-Hoc|iPhone
		{2B70FA27-DF42-4255-A663-0C8520C73878}.Ad-Hoc|iPhone.Build.0 = Ad-Hoc|iPhone
		{2B70FA27-DF42-4255-A663-0C8520C73878}.Ad-Hoc|iPhone.Deploy.0 = Ad-Hoc|iPhone
		{2B70FA27-DF42-4255-A663-0C8520C73878}.Ad-Hoc|iPhoneSimulator.ActiveCfg = Ad-Hoc|iPhoneSimulator
		{2B70FA27-DF42-4255-A663-0C8520C73878}.Ad-Hoc|iPhoneSimulator.Build.0 = Ad-Hoc|iPhoneSimulator
		{2B70FA27-DF42-4255-A663-0C8520C73878}.Ad-Hoc|iPhoneSimulator.Deploy.0 = Ad-Hoc|iPhoneSimulator
		{2B70FA27-DF42-4255-A663-0C8520C73878}.Ad-Hoc|x64.ActiveCfg = Ad-Hoc|iPhone
		{2B70FA27-DF42-4255-A663-0C8520C73878}.Ad-Hoc|x64.Build.0 = Ad-Hoc|iPhone
		{2B70FA27-DF42-4255-A663-0C8520C73878}.Ad-Hoc|x64.Deploy.0 = Ad-Hoc|iPhone
		{2B70FA27-DF42-4255-A663-0C8520C73878}.Ad-Hoc|x86.ActiveCfg = Ad-Hoc|iPhone
		{2B70FA27-DF42-4255-A663-0C8520C73878}.Ad-Hoc|x86.Build.0 = Ad-Hoc|iPhone
		{2B70FA27-DF42-4255-A663-0C8520C73878}.Ad-Hoc|x86.Deploy.0 = Ad-Hoc|iPhone
		{2B70FA27-DF42-4255-A663-0C8520C73878}.AppStore|Any CPU.ActiveCfg = AppStore|iPhone
		{2B70FA27-DF42-4255-A663-0C8520C73878}.AppStore|Any CPU.Build.0 = AppStore|iPhone
		{2B70FA27-DF42-4255-A663-0C8520C73878}.AppStore|Any CPU.Deploy.0 = AppStore|iPhone
		{2B70FA27-DF42-4255-A663-0C8520C73878}.AppStore|ARM.ActiveCfg = AppStore|iPhone
		{2B70FA27-DF42-4255-A663-0C8520C73878}.AppStore|ARM.Build.0 = AppStore|iPhone
		{2B70FA27-DF42-4255-A663-0C8520C73878}.AppStore|ARM.Deploy.0 = AppStore|iPhone
		{2B70FA27-DF42-4255-A663-0C8520C73878}.AppStore|iPhone.ActiveCfg = AppStore|iPhone
		{2B70FA27-DF42-4255-A663-0C8520C73878}.AppStore|iPhone.Build.0 = AppStore|iPhone
		{2B70FA27-DF42-4255-A663-0C8520C73878}.AppStore|iPhone.Deploy.0 = AppStore|iPhone
		{2B70FA27-DF42-4255-A663-0C8520C73878}.AppStore|iPhoneSimulator.ActiveCfg = AppStore|iPhoneSimulator
		{2B70FA27-DF42-4255-A663-0C8520C73878}.AppStore|iPhoneSimulator.Build.0 = AppStore|iPhoneSimulator
		{2B70FA27-DF42-4255-A663-0C8520C73878}.AppStore|iPhoneSimulator.Deploy.0 = AppStore|iPhoneSimulator
		{2B70FA27-DF42-4255-A663-0C8520C73878}.AppStore|x64.ActiveCfg = AppStore|iPhone
		{2B70FA27-DF42-4255-A663-0C8520C73878}.AppStore|x64.Build.0 = AppStore|iPhone
		{2B70FA27-DF42-4255-A663-0C8520C73878}.AppStore|x64.Deploy.0 = AppStore|iPhone
		{2B70FA27-DF42-4255-A663-0C8520C73878}.AppStore|x86.ActiveCfg = AppStore|iPhone
		{2B70FA27-DF42-4255-A663-0C8520C73878}.AppStore|x86.Build.0 = AppStore|iPhone
		{2B70FA27-DF42-4255-A663-0C8520C73878}.AppStore|x86.Deploy.0 = AppStore|iPhone
		{2B70FA27-DF42-4255-A663-0C8520C73878}.Debug|Any CPU.ActiveCfg = Debug|iPhoneSimulator
		{2B70FA27-DF42-4255-A663-0C8520C73878}.Debug|Any CPU.Build.0 = Debug|iPhoneSimulator
		{2B70FA27-DF42-4255-A663-0C8520C73878}.Debug|Any CPU.Deploy.0 = Debug|iPhoneSimulator
		{2B70FA27-DF42-4255-A663-0C8520C73878}.Debug|ARM.ActiveCfg = Debug|iPhone
		{2B70FA27-DF42-4255-A663-0C8520C73878}.Debug|ARM.Build.0 = Debug|iPhone
		{2B70FA27-DF42-4255-A663-0C8520C73878}.Debug|ARM.Deploy.0 = Debug|iPhone
		{2B70FA27-DF42-4255-A663-0C8520C73878}.Debug|iPhone.ActiveCfg = Debug|iPhone
		{2B70FA27-DF42-4255-A663-0C8520C73878}.Debug|iPhone.Build.0 = Debug|iPhone
		{2B70FA27-DF42-4255-A663-0C8520C73878}.Debug|iPhone.Deploy.0 = Debug|iPhone
		{2B70FA27-DF42-4255-A663-0C8520C73878}.Debug|iPhoneSimulator.ActiveCfg = Debug|iPhoneSimulator
		{2B70FA27-DF42-4255-A663-0C8520C73878}.Debug|iPhoneSimulator.Build.0 = Debug|iPhoneSimulator
		{2B70FA27-DF42-4255-A663-0C8520C73878}.Debug|iPhoneSimulator.Deploy.0 = Debug|iPhoneSimulator
		{2B70FA27-DF42-4255-A663-0C8520C73878}.Debug|x64.ActiveCfg = Debug|iPhone
		{2B70FA27-DF42-4255-A663-0C8520C73878}.Debug|x64.Build.0 = Debug|iPhone
		{2B70FA27-DF42-4255-A663-0C8520C73878}.Debug|x64.Deploy.0 = Debug|iPhone
		{2B70FA27-DF42-4255-A663-0C8520C73878}.Debug|x86.ActiveCfg = Debug|iPhone
		{2B70FA27-DF42-4255-A663-0C8520C73878}.Debug|x86.Build.0 = Debug|iPhone
		{2B70FA27-DF42-4255-A663-0C8520C73878}.Debug|x86.Deploy.0 = Debug|iPhone
		{2B70FA27-DF42-4255-A663-0C8520C73878}.Release|Any CPU.ActiveCfg = Release|iPhone
		{2B70FA27-DF42-4255-A663-0C8520C73878}.Release|Any CPU.Build.0 = Release|iPhone
		{2B70FA27-DF42-4255-A663-0C8520C73878}.Release|Any CPU.Deploy.0 = Release|iPhone
		{2B70FA27-DF42-4255-A663-0C8520C73878}.Release|ARM.ActiveCfg = Release|iPhone
		{2B70FA27-DF42-4255-A663-0C8520C73878}.Release|ARM.Build.0 = Release|iPhone
		{2B70FA27-DF42-4255-A663-0C8520C73878}.Release|ARM.Deploy.0 = Release|iPhone
		{2B70FA27-DF42-4255-A663-0C8520C73878}.Release|iPhone.ActiveCfg = Release|iPhone
		{2B70FA27-DF42-4255-A663-0C8520C73878}.Release|iPhone.Build.0 = Release|iPhone
		{2B70FA27-DF42-4255-A663-0C8520C73878}.Release|iPhone.Deploy.0 = Release|iPhone
		{2B70FA27-DF42-4255-A663-0C8520C73878}.Release|iPhoneSimulator.ActiveCfg = Release|iPhoneSimulator
		{2B70FA27-DF42-4255-A663-0C8520C73878}.Release|iPhoneSimulator.Build.0 = Release|iPhoneSimulator
		{2B70FA27-DF42-4255-A663-0C8520C73878}.Release|iPhoneSimulator.Deploy.0 = Release|iPhoneSimulator
		{2B70FA27-DF42-4255-A663-0C8520C73878}.Release|x64.ActiveCfg = Release|iPhone
		{2B70FA27-DF42-4255-A663-0C8520C73878}.Release|x64.Build.0 = Release|iPhone
		{2B70FA27-DF42-4255-A663-0C8520C73878}.Release|x64.Deploy.0 = Release|iPhone
		{2B70FA27-DF42-4255-A663-0C8520C73878}.Release|x86.ActiveCfg = Release|iPhone
		{2B70FA27-DF42-4255-A663-0C8520C73878}.Release|x86.Build.0 = Release|iPhone
		{2B70FA27-DF42-4255-A663-0C8520C73878}.Release|x86.Deploy.0 = Release|iPhone
		{772A05D8-5E33-404C-ACDE-E7A87A5FD15B}.Ad-Hoc|Any CPU.ActiveCfg = Debug|Any CPU
		{772A05D8-5E33-404C-ACDE-E7A87A5FD15B}.Ad-Hoc|Any CPU.Build.0 = Debug|Any CPU
		{772A05D8-5E33-404C-ACDE-E7A87A5FD15B}.Ad-Hoc|Any CPU.Deploy.0 = Debug|Any CPU
		{772A05D8-5E33-404C-ACDE-E7A87A5FD15B}.Ad-Hoc|ARM.ActiveCfg = Debug|Any CPU
		{772A05D8-5E33-404C-ACDE-E7A87A5FD15B}.Ad-Hoc|ARM.Build.0 = Debug|Any CPU
		{772A05D8-5E33-404C-ACDE-E7A87A5FD15B}.Ad-Hoc|ARM.Deploy.0 = Debug|Any CPU
		{772A05D8-5E33-404C-ACDE-E7A87A5FD15B}.Ad-Hoc|iPhone.ActiveCfg = Debug|Any CPU
		{772A05D8-5E33-404C-ACDE-E7A87A5FD15B}.Ad-Hoc|iPhone.Build.0 = Debug|Any CPU
		{772A05D8-5E33-404C-ACDE-E7A87A5FD15B}.Ad-Hoc|iPhone.Deploy.0 = Debug|Any CPU
		{772A05D8-5E33-404C-ACDE-E7A87A5FD15B}.Ad-Hoc|iPhoneSimulator.ActiveCfg = Debug|Any CPU
		{772A05D8-5E33-404C-ACDE-E7A87A5FD15B}.Ad-Hoc|iPhoneSimulator.Build.0 = Debug|Any CPU
		{772A05D8-5E33-404C-ACDE-E7A87A5FD15B}.Ad-Hoc|iPhoneSimulator.Deploy.0 = Debug|Any CPU
		{772A05D8-5E33-404C-ACDE-E7A87A5FD15B}.Ad-Hoc|x64.ActiveCfg = Debug|Any CPU
		{772A05D8-5E33-404C-ACDE-E7A87A5FD15B}.Ad-Hoc|x64.Build.0 = Debug|Any CPU
		{772A05D8-5E33-404C-ACDE-E7A87A5FD15B}.Ad-Hoc|x64.Deploy.0 = Debug|Any CPU
		{772A05D8-5E33-404C-ACDE-E7A87A5FD15B}.Ad-Hoc|x86.ActiveCfg = Debug|Any CPU
		{772A05D8-5E33-404C-ACDE-E7A87A5FD15B}.Ad-Hoc|x86.Build.0 = Debug|Any CPU
		{772A05D8-5E33-404C-ACDE-E7A87A5FD15B}.Ad-Hoc|x86.Deploy.0 = Debug|Any CPU
		{772A05D8-5E33-404C-ACDE-E7A87A5FD15B}.AppStore|Any CPU.ActiveCfg = Debug|Any CPU
		{772A05D8-5E33-404C-ACDE-E7A87A5FD15B}.AppStore|Any CPU.Build.0 = Debug|Any CPU
		{772A05D8-5E33-404C-ACDE-E7A87A5FD15B}.AppStore|Any CPU.Deploy.0 = Debug|Any CPU
		{772A05D8-5E33-404C-ACDE-E7A87A5FD15B}.AppStore|ARM.ActiveCfg = Debug|Any CPU
		{772A05D8-5E33-404C-ACDE-E7A87A5FD15B}.AppStore|ARM.Build.0 = Debug|Any CPU
		{772A05D8-5E33-404C-ACDE-E7A87A5FD15B}.AppStore|ARM.Deploy.0 = Debug|Any CPU
		{772A05D8-5E33-404C-ACDE-E7A87A5FD15B}.AppStore|iPhone.ActiveCfg = Debug|Any CPU
		{772A05D8-5E33-404C-ACDE-E7A87A5FD15B}.AppStore|iPhone.Build.0 = Debug|Any CPU
		{772A05D8-5E33-404C-ACDE-E7A87A5FD15B}.AppStore|iPhone.Deploy.0 = Debug|Any CPU
		{772A05D8-5E33-404C-ACDE-E7A87A5FD15B}.AppStore|iPhoneSimulator.ActiveCfg = Debug|Any CPU
		{772A05D8-5E33-404C-ACDE-E7A87A5FD15B}.AppStore|iPhoneSimulator.Build.0 = Debug|Any CPU
		{772A05D8-5E33-404C-ACDE-E7A87A5FD15B}.AppStore|iPhoneSimulator.Deploy.0 = Debug|Any CPU
		{772A05D8-5E33-404C-ACDE-E7A87A5FD15B}.AppStore|x64.ActiveCfg = Debug|Any CPU
		{772A05D8-5E33-404C-ACDE-E7A87A5FD15B}.AppStore|x64.Build.0 = Debug|Any CPU
		{772A05D8-5E33-404C-ACDE-E7A87A5FD15B}.AppStore|x64.Deploy.0 = Debug|Any CPU
		{772A05D8-5E33-404C-ACDE-E7A87A5FD15B}.AppStore|x86.ActiveCfg = Debug|Any CPU
		{772A05D8-5E33-404C-ACDE-E7A87A5FD15B}.AppStore|x86.Build.0 = Debug|Any CPU
		{772A05D8-5E33-404C-ACDE-E7A87A5FD15B}.AppStore|x86.Deploy.0 = Debug|Any CPU
		{772A05D8-5E33-404C-ACDE-E7A87A5FD15B}.Debug|Any CPU.ActiveCfg = Debug|Any CPU
		{772A05D8-5E33-404C-ACDE-E7A87A5FD15B}.Debug|Any CPU.Build.0 = Debug|Any CPU
		{772A05D8-5E33-404C-ACDE-E7A87A5FD15B}.Debug|Any CPU.Deploy.0 = Debug|Any CPU
		{772A05D8-5E33-404C-ACDE-E7A87A5FD15B}.Debug|ARM.ActiveCfg = Debug|Any CPU
		{772A05D8-5E33-404C-ACDE-E7A87A5FD15B}.Debug|ARM.Build.0 = Debug|Any CPU
		{772A05D8-5E33-404C-ACDE-E7A87A5FD15B}.Debug|ARM.Deploy.0 = Debug|Any CPU
		{772A05D8-5E33-404C-ACDE-E7A87A5FD15B}.Debug|iPhone.ActiveCfg = Debug|Any CPU
		{772A05D8-5E33-404C-ACDE-E7A87A5FD15B}.Debug|iPhone.Build.0 = Debug|Any CPU
		{772A05D8-5E33-404C-ACDE-E7A87A5FD15B}.Debug|iPhone.Deploy.0 = Debug|Any CPU
		{772A05D8-5E33-404C-ACDE-E7A87A5FD15B}.Debug|iPhoneSimulator.ActiveCfg = Debug|Any CPU
		{772A05D8-5E33-404C-ACDE-E7A87A5FD15B}.Debug|iPhoneSimulator.Build.0 = Debug|Any CPU
		{772A05D8-5E33-404C-ACDE-E7A87A5FD15B}.Debug|iPhoneSimulator.Deploy.0 = Debug|Any CPU
		{772A05D8-5E33-404C-ACDE-E7A87A5FD15B}.Debug|x64.ActiveCfg = Debug|Any CPU
		{772A05D8-5E33-404C-ACDE-E7A87A5FD15B}.Debug|x64.Build.0 = Debug|Any CPU
		{772A05D8-5E33-404C-ACDE-E7A87A5FD15B}.Debug|x64.Deploy.0 = Debug|Any CPU
		{772A05D8-5E33-404C-ACDE-E7A87A5FD15B}.Debug|x86.ActiveCfg = Debug|Any CPU
		{772A05D8-5E33-404C-ACDE-E7A87A5FD15B}.Debug|x86.Build.0 = Debug|Any CPU
		{772A05D8-5E33-404C-ACDE-E7A87A5FD15B}.Debug|x86.Deploy.0 = Debug|Any CPU
		{772A05D8-5E33-404C-ACDE-E7A87A5FD15B}.Release|Any CPU.ActiveCfg = Release|Any CPU
		{772A05D8-5E33-404C-ACDE-E7A87A5FD15B}.Release|Any CPU.Build.0 = Release|Any CPU
		{772A05D8-5E33-404C-ACDE-E7A87A5FD15B}.Release|Any CPU.Deploy.0 = Release|Any CPU
		{772A05D8-5E33-404C-ACDE-E7A87A5FD15B}.Release|ARM.ActiveCfg = Release|Any CPU
		{772A05D8-5E33-404C-ACDE-E7A87A5FD15B}.Release|ARM.Build.0 = Release|Any CPU
		{772A05D8-5E33-404C-ACDE-E7A87A5FD15B}.Release|ARM.Deploy.0 = Release|Any CPU
		{772A05D8-5E33-404C-ACDE-E7A87A5FD15B}.Release|iPhone.ActiveCfg = Release|Any CPU
		{772A05D8-5E33-404C-ACDE-E7A87A5FD15B}.Release|iPhone.Build.0 = Release|Any CPU
		{772A05D8-5E33-404C-ACDE-E7A87A5FD15B}.Release|iPhone.Deploy.0 = Release|Any CPU
		{772A05D8-5E33-404C-ACDE-E7A87A5FD15B}.Release|iPhoneSimulator.ActiveCfg = Release|Any CPU
		{772A05D8-5E33-404C-ACDE-E7A87A5FD15B}.Release|iPhoneSimulator.Build.0 = Release|Any CPU
		{772A05D8-5E33-404C-ACDE-E7A87A5FD15B}.Release|iPhoneSimulator.Deploy.0 = Release|Any CPU
		{772A05D8-5E33-404C-ACDE-E7A87A5FD15B}.Release|x64.ActiveCfg = Release|Any CPU
		{772A05D8-5E33-404C-ACDE-E7A87A5FD15B}.Release|x64.Build.0 = Release|Any CPU
		{772A05D8-5E33-404C-ACDE-E7A87A5FD15B}.Release|x64.Deploy.0 = Release|Any CPU
		{772A05D8-5E33-404C-ACDE-E7A87A5FD15B}.Release|x86.ActiveCfg = Release|Any CPU
		{772A05D8-5E33-404C-ACDE-E7A87A5FD15B}.Release|x86.Build.0 = Release|Any CPU
		{772A05D8-5E33-404C-ACDE-E7A87A5FD15B}.Release|x86.Deploy.0 = Release|Any CPU
	EndGlobalSection
	GlobalSection(SolutionProperties) = preSolution
		HideSolutionNode = FALSE
	EndGlobalSection
	GlobalSection(ExtensibilityGlobals) = postSolution
		SolutionGuid = {DF96C0FB-47DB-4B9C-868B-4C2AEB916BF9}
	EndGlobalSection
EndGlobal
